
Microsoft Visual Studio Solution File, Format Version 12.00
Project("{FAE04EC0-301F-11D3-BF4B-00C04F79EFBC}") = "EFCoreLoadings", "EFCoreLoadings\EFCoreLoadings.csproj", "{A99AAD83-2408-4B54-B54E-2E9BAC64C3A2}"
EndProject
Global
	GlobalSection(SolutionConfigurationPlatforms) = preSolution
		Debug|Any CPU = Debug|Any CPU
		Release|Any CPU = Release|Any CPU
	EndGlobalSection
	GlobalSection(ProjectConfigurationPlatforms) = postSolution
		{A99AAD83-2408-4B54-B54E-2E9BAC64C3A2}.Debug|Any CPU.ActiveCfg = Debug|Any CPU
		{A99AAD83-2408-4B54-B54E-2E9BAC64C3A2}.Debug|Any CPU.Build.0 = Debug|Any CPU
		{A99AAD83-2408-4B54-B54E-2E9BAC64C3A2}.Release|Any CPU.ActiveCfg = Release|Any CPU
		{A99AAD83-2408-4B54-B54E-2E9BAC64C3A2}.Release|Any CPU.Build.0 = Release|Any CPU
	EndGlobalSection
EndGlobal
