
Microsoft Visual Studio Solution File, Format Version 12.00
Project("{FAE04EC0-301F-11D3-BF4B-00C04F79EFBC}") = "Students", "Students\Students.csproj", "{3EC939C4-D50A-4F46-99ED-A7B43AD3597A}"
EndProject
Global
	GlobalSection(SolutionConfigurationPlatforms) = preSolution
		Debug|Any CPU = Debug|Any CPU
		Release|Any CPU = Release|Any CPU
	EndGlobalSection
	GlobalSection(ProjectConfigurationPlatforms) = postSolution
		{3EC939C4-D50A-4F46-99ED-A7B43AD3597A}.Debug|Any CPU.ActiveCfg = Debug|Any CPU
		{3EC939C4-D50A-4F46-99ED-A7B43AD3597A}.Debug|Any CPU.Build.0 = Debug|Any CPU
		{3EC939C4-D50A-4F46-99ED-A7B43AD3597A}.Release|Any CPU.ActiveCfg = Release|Any CPU
		{3EC939C4-D50A-4F46-99ED-A7B43AD3597A}.Release|Any CPU.Build.0 = Release|Any CPU
	EndGlobalSection
EndGlobal
